{
    "name": "@rubisco0211/quasar-app-extension-qotp",
    "version": "0.0.24",
    "lockfileVersion": 3,
    "requires": true,
    "packages": {
        "": {
            "name": "@rubisco0211/quasar-app-extension-qotp",
            "version": "0.0.24",
            "license": "MIT",
            "engines": {
                "node": ">= 12.2.0",
                "npm": ">= 5.6.0",
                "yarn": ">= 1.6.0"
            }
        }
    }
}
